PODS:
  - Alamofire (2.0.2)
  - Haneke (1.0.1)
  - SwiftyJSON (2.3.0)

DEPENDENCIES:
  - Alamofire (~> 2.0)
  - Haneke (~> 1.0)
  - SwiftyJSON (from `https://github.com/SwiftyJSON/SwiftyJSON.git`)

EXTERNAL SOURCES:
  SwiftyJSON:
    :git: https://github.com/SwiftyJSON/SwiftyJSON.git

CHECKOUT OPTIONS:
  SwiftyJSON:
    :commit: 83dc3138b14571200ea7f070933a2a510491e997
    :git: https://github.com/SwiftyJSON/SwiftyJSON.git

SPEC CHECKSUMS:
  Alamofire: 8edbab00802a752bb5240cc2abe70e7e881488ad
  Haneke: d60be8b96b228633b24708dd153169d6849d6f78
  SwiftyJSON: cacfe0373d584585716bd1d43202c24cc66afd65

COCOAPODS: 0.39.0
