PODS:
  - Alamofire (2.0.0)
  - HanekeSwift (0.10.0)
  - SwiftyJSON (2.2.1)

DEPENDENCIES:
  - Alamofire (~> 2.0)
  - HanekeSwift
  - SwiftyJSON (from `https://github.com/SwiftyJSON/SwiftyJSON.git`)

EXTERNAL SOURCES:
  SwiftyJSON:
    :git: https://github.com/SwiftyJSON/SwiftyJSON.git

CHECKOUT OPTIONS:
  SwiftyJSON:
    :commit: 50583adf21de1f84a4a06f6dff1b2bb09fe0b03b
    :git: https://github.com/SwiftyJSON/SwiftyJSON.git

SPEC CHECKSUMS:
  Alamofire: 2f13548b29d25a58ecd91c9225fb51493e2b782b
  HanekeSwift: d6f5bdf9dbdbbc09d59623b2c1d533e46463dd4d
  SwiftyJSON: ae2d0a3d68025d136602a33c4ee215091ced3e33

COCOAPODS: 0.39.0
