PODS:
  - Alamofire (3.1.3)
  - AWSCore (2.3.1)
  - AWSS3 (2.3.1):
    - AWSCore (= 2.3.1)
  - Bolts (1.5.0):
    - Bolts/AppLinks (= 1.5.0)
    - Bolts/Tasks (= 1.5.0)
  - Bolts/AppLinks (1.5.0):
    - Bolts/Tasks
  - Bolts/Tasks (1.5.0)
  - CryptoSwift (0.1.1)
  - FBSDKCoreKit (4.2.0):
    - Bolts (~> 1.1)
    - FBSDKCoreKit/arc (= 4.2.0)
    - FBSDKCoreKit/no-arc (= 4.2.0)
  - FBSDKCoreKit/arc (4.2.0):
    - Bolts (~> 1.1)
  - FBSDKCoreKit/no-arc (4.2.0):
    - Bolts (~> 1.1)
    - FBSDKCoreKit/arc
  - FBSDKLoginKit (4.1.0):
    - FBSDKCoreKit
  - FBSDKShareKit (4.2.0):
    - FBSDKCoreKit
  - HanekeSwift (0.10.0)
  - RSKImageCropper (1.4.1)
  - SwiftyJSON (2.3.2)

DEPENDENCIES:
  - Alamofire (~> 3.0)
  - AWSS3
  - CryptoSwift
  - FBSDKCoreKit (= 4.2.0)
  - FBSDKLoginKit (= 4.1.0)
  - FBSDKShareKit (= 4.2.0)
  - HanekeSwift
  - RSKImageCropper
  - SwiftyJSON (from `https://github.com/SwiftyJSON/SwiftyJSON.git`)

EXTERNAL SOURCES:
  SwiftyJSON:
    :git: https://github.com/SwiftyJSON/SwiftyJSON.git

CHECKOUT OPTIONS:
  SwiftyJSON:
    :commit: 4d05047af9d80284bcff31883e4d33f32e2f1c03
    :git: https://github.com/SwiftyJSON/SwiftyJSON.git

SPEC CHECKSUMS:
  Alamofire: 9f93b56389e48def9220dd57d1f44b1927229a5a
  AWSCore: 7ad34b4bc285b778a3df699cb6f00aad3d1c446f
  AWSS3: b7f4a0ad4da6dcc172e757dcb2b2423d26b32325
  Bolts: 722ab9a4f8b50fc4ed1b9998a5a7a2b3f16d80b4
  CryptoSwift: c11640d3d66107efc8333e4131a5173f072b1d61
  FBSDKCoreKit: 84b3616a361801f190e43a9909caead7bb6087c7
  FBSDKLoginKit: ff6224762732e3698f30942e4544321b8c7a23e6
  FBSDKShareKit: 931746fdf8fb95efd6e12310ec14b2b3295e2aec
  HanekeSwift: d6f5bdf9dbdbbc09d59623b2c1d533e46463dd4d
  RSKImageCropper: 98ae426eb4eb11b733ff87f8e2542a480f4fa8e6
  SwiftyJSON: 04ccea08915aa0109039157c7974cf0298da292a

COCOAPODS: 0.39.0
